
Microsoft Visual Studio Solution File, Format Version 12.00
# Visual Studio Version 17
VisualStudioVersion = 17.11.35327.3
MinimumVisualStudioVersion = 10.0.40219.1
Project("{FAE04EC0-301F-11D3-BF4B-00C04F79EFBC}") = "books-api", "books-api.csproj", "{CA217311-F739-4829-A1CA-B9AB9557E8AE}"
EndProject
Global
	GlobalSection(SolutionConfigurationPlatforms) = preSolution
		Debug|Any CPU = Debug|Any CPU
		Release|Any CPU = Release|Any CPU
	EndGlobalSection
	GlobalSection(ProjectConfigurationPlatforms) = postSolution
		{CA217311-F739-4829-A1CA-B9AB9557E8AE}.Debug|Any CPU.ActiveCfg = Debug|Any CPU
		{CA217311-F739-4829-A1CA-B9AB9557E8AE}.Debug|Any CPU.Build.0 = Debug|Any CPU
		{CA217311-F739-4829-A1CA-B9AB9557E8AE}.Release|Any CPU.ActiveCfg = Release|Any CPU
		{CA217311-F739-4829-A1CA-B9AB9557E8AE}.Release|Any CPU.Build.0 = Release|Any CPU
	EndGlobalSection
	GlobalSection(SolutionProperties) = preSolution
		HideSolutionNode = FALSE
	EndGlobalSection
	GlobalSection(ExtensibilityGlobals) = postSolution
		SolutionGuid = {C06280FB-5CF2-40F2-9BB7-04B62CB6C7D7}
	EndGlobalSection
EndGlobal
